# This file is autogenerated, do not edit; changes may be undone by the next 'dep ensure'.


[[projects]]
  branch = "master"
  name = "github.com/golang/glog"
  packages = ["."]
  revision = "23def4e6c14b4da8ac2ed8007337bc5eb5007998"

[[projects]]
  branch = "master"
  name = "github.com/gomarkdown/markdown"
  packages = [
    ".",
    "ast",
    "html",
    "parser"
  ]
  revision = "67424e3cca989f36d5184bf033276c124396b3f8"

[solve-meta]
  analyzer-name = "dep"
  analyzer-version = 1
  inputs-digest = "3eb65f74bd617913f3c97c6bd8783dde44050e7154b5c93cc51fdea1cd875923"
  solver-name = "gps-cdcl"
  solver-version = 1
